
Microsoft Visual Studio Solution File, Format Version 12.00
# Visual Studio Version 17
VisualStudioVersion = 17.8.34408.163
MinimumVisualStudioVersion = 10.0.40219.1
Project("{9A19103F-16F7-4668-BE54-9A1E7A4F7556}") = "WorkflowEngine.Core", "WorkflowEngine.Core\WorkflowEngine.Core.csproj", "{026FCDC5-91A8-4037-94CE-E921644F1002}"
EndProject
Project("{9A19103F-16F7-4668-BE54-9A1E7A4F7556}") = "WorkflowEngine.ConsoleApp", "WorkflowEngine.ConsoleApp\WorkflowEngine.ConsoleApp.csproj", "{A6ABD0B0-0B29-46A1-B464-2E51FB3128DA}"
EndProject
Project("{9A19103F-16F7-4668-BE54-9A1E7A4F7556}") = "WorkflowHost", "API\WorkflowHost.csproj", "{BD4547C4-1B86-4FE4-BAD9-C896223FF1CC}"
EndProject
Project("{9A19103F-16F7-4668-BE54-9A1E7A4F7556}") = "WrokflowDefinition.HealthInsuranceIssue", "WrokflowDefinition.HealthInsuranceIssue\WrokflowDefinition.HealthInsuranceIssue.csproj", "{03D83809-F7DB-49F8-ADC6-4DA31951484F}"
EndProject
Global
	GlobalSection(SolutionConfigurationPlatforms) = preSolution
		Debug|Any CPU = Debug|Any CPU
		Release|Any CPU = Release|Any CPU
	EndGlobalSection
	GlobalSection(ProjectConfigurationPlatforms) = postSolution
		{026FCDC5-91A8-4037-94CE-E921644F1002}.Debug|Any CPU.ActiveCfg = Debug|Any CPU
		{026FCDC5-91A8-4037-94CE-E921644F1002}.Debug|Any CPU.Build.0 = Debug|Any CPU
		{026FCDC5-91A8-4037-94CE-E921644F1002}.Release|Any CPU.ActiveCfg = Release|Any CPU
		{026FCDC5-91A8-4037-94CE-E921644F1002}.Release|Any CPU.Build.0 = Release|Any CPU
		{A6ABD0B0-0B29-46A1-B464-2E51FB3128DA}.Debug|Any CPU.ActiveCfg = Debug|Any CPU
		{A6ABD0B0-0B29-46A1-B464-2E51FB3128DA}.Debug|Any CPU.Build.0 = Debug|Any CPU
		{A6ABD0B0-0B29-46A1-B464-2E51FB3128DA}.Release|Any CPU.ActiveCfg = Release|Any CPU
		{A6ABD0B0-0B29-46A1-B464-2E51FB3128DA}.Release|Any CPU.Build.0 = Release|Any CPU
		{BD4547C4-1B86-4FE4-BAD9-C896223FF1CC}.Debug|Any CPU.ActiveCfg = Debug|Any CPU
		{BD4547C4-1B86-4FE4-BAD9-C896223FF1CC}.Debug|Any CPU.Build.0 = Debug|Any CPU
		{BD4547C4-1B86-4FE4-BAD9-C896223FF1CC}.Release|Any CPU.ActiveCfg = Release|Any CPU
		{BD4547C4-1B86-4FE4-BAD9-C896223FF1CC}.Release|Any CPU.Build.0 = Release|Any CPU
		{03D83809-F7DB-49F8-ADC6-4DA31951484F}.Debug|Any CPU.ActiveCfg = Debug|Any CPU
		{03D83809-F7DB-49F8-ADC6-4DA31951484F}.Debug|Any CPU.Build.0 = Debug|Any CPU
		{03D83809-F7DB-49F8-ADC6-4DA31951484F}.Release|Any CPU.ActiveCfg = Release|Any CPU
		{03D83809-F7DB-49F8-ADC6-4DA31951484F}.Release|Any CPU.Build.0 = Release|Any CPU
	EndGlobalSection
	GlobalSection(SolutionProperties) = preSolution
		HideSolutionNode = FALSE
	EndGlobalSection
	GlobalSection(ExtensibilityGlobals) = postSolution
		SolutionGuid = {617BDBB9-9F3B-4C53-80EF-D4C8583C0F02}
	EndGlobalSection
EndGlobal
